{
  "version": 4,
  "terraform_version": "1.7.1",
  "serial": 33,
  "lineage": "86fab8e3-e1f0-03cd-9b98-bb3251b93e9c",
  "outputs": {},
  "resources": [
    {
      "mode": "managed",
      "type": "azurerm_policy_set_definition",
      "name": "Initiative",
      "provider": "provider[\"registry.terraform.io/hashicorp/azurerm\"]",
      "instances": [
        {
          "schema_version": 0,
          "attributes": {
            "description": "Descriptioøøøøn",
            "display_name": "My Newest Initiative",
            "id": "/subscriptions/4fa4f859-01c1-43c9-8fc0-a693e2837926/providers/Microsoft.Authorization/policySetDefinitions/mynewinitiative",
            "management_group_id": "",
            "metadata": "{\"createdBy\":\"c9e02273-ad08-481e-8ac2-1dc6a1e7c4bc\",\"createdOn\":\"2024-02-22T13:28:58.4655551Z\",\"updatedBy\":\"c9e02273-ad08-481e-8ac2-1dc6a1e7c4bc\",\"updatedOn\":\"2024-02-22T14:34:45.9809167Z\"}",
            "name": "mynewinitiative",
            "parameters": null,
            "policy_definition_group": [],
            "policy_definition_reference": [
              {
                "parameter_values": "{\"tagName\":{\"value\":\"Deployment\"},\"tagValue\":{\"value\":\"Terraform\"}}",
                "policy_definition_id": "/providers/Microsoft.Authorization/policyDefinitions/1e30110a-5ceb-460c-a204-c1c3969c6d62",
                "policy_group_names": [],
                "reference_id": "535901900531523875"
              }
            ],
            "policy_type": "Custom",
            "timeouts": null
          },
          "sensitive_attributes": [],
          "private": "eyJlMmJmYjczMC1lY2FhLTExZTYtOGY4OC0zNDM2M2JjN2M0YzAiOnsiY3JlYXRlIjoxODAwMDAwMDAwMDAwLCJkZWxldGUiOjE4MDAwMDAwMDAwMDAsInJlYWQiOjMwMDAwMDAwMDAwMCwidXBkYXRlIjoxODAwMDAwMDAwMDAwfX0="
        }
      ]
    },
    {
      "mode": "managed",
      "type": "azurerm_resource_group",
      "name": "RG",
      "provider": "provider[\"registry.terraform.io/hashicorp/azurerm\"]",
      "instances": [
        {
          "schema_version": 0,
          "attributes": {
            "id": "/subscriptions/4fa4f859-01c1-43c9-8fc0-a693e2837926/resourceGroups/RG-tftest-14370247382572",
            "location": "westeurope",
            "managed_by": "",
            "name": "RG-tftest-14370247382572",
            "tags": {},
            "timeouts": null
          },
          "sensitive_attributes": [],
          "private": "eyJlMmJmYjczMC1lY2FhLTExZTYtOGY4OC0zNDM2M2JjN2M0YzAiOnsiY3JlYXRlIjo1NDAwMDAwMDAwMDAwLCJkZWxldGUiOjU0MDAwMDAwMDAwMDAsInJlYWQiOjMwMDAwMDAwMDAwMCwidXBkYXRlIjo1NDAwMDAwMDAwMDAwfX0="
        }
      ]
    },
    {
      "mode": "managed",
      "type": "azurerm_storage_account",
      "name": "storageaccount",
      "provider": "provider[\"registry.terraform.io/hashicorp/azurerm\"]",
      "instances": [
        {
          "schema_version": 4,
          "attributes": {
            "access_tier": "Hot",
            "account_kind": "StorageV2",
            "account_replication_type": "LRS",
            "account_tier": "Standard",
            "allow_nested_items_to_be_public": true,
            "allowed_copy_scope": "",
            "azure_files_authentication": [],
            "blob_properties": [
              {
                "change_feed_enabled": false,
                "change_feed_retention_in_days": 0,
                "container_delete_retention_policy": [],
                "cors_rule": [],
                "default_service_version": "",
                "delete_retention_policy": [],
                "last_access_time_enabled": false,
                "restore_policy": [],
                "versioning_enabled": false
              }
            ],
            "cross_tenant_replication_enabled": true,
            "custom_domain": [],
            "customer_managed_key": [],
            "default_to_oauth_authentication": false,
            "edge_zone": "",
            "enable_https_traffic_only": true,
            "id": "/subscriptions/4fa4f859-01c1-43c9-8fc0-a693e2837926/resourceGroups/RG-tftest-14370247382572/providers/Microsoft.Storage/storageAccounts/storage3253252",
            "identity": [],
            "immutability_policy": [],
            "infrastructure_encryption_enabled": false,
            "is_hns_enabled": false,
            "large_file_share_enabled": null,
            "local_user_enabled": true,
            "location": "westeurope",
            "min_tls_version": "TLS1_2",
            "name": "storage3253252",
            "network_rules": [
              {
                "bypass": [
                  "AzureServices"
                ],
                "default_action": "Allow",
                "ip_rules": [],
                "private_link_access": [],
                "virtual_network_subnet_ids": []
              }
            ],
            "nfsv3_enabled": false,
            "primary_access_key": "VPo3gfvUtRH6U8B1qQtX+iFBaW3bjv5GJUUKR/oqEFHVa9nDxv7LgGBspjpY8CTy/FSBZMmDOgYM+AStOBN8MQ==",
            "primary_blob_connection_string": "DefaultEndpointsProtocol=https;BlobEndpoint=https://storage3253252.blob.core.windows.net/;AccountName=storage3253252;AccountKey=VPo3gfvUtRH6U8B1qQtX+iFBaW3bjv5GJUUKR/oqEFHVa9nDxv7LgGBspjpY8CTy/FSBZMmDOgYM+AStOBN8MQ==",
            "primary_blob_endpoint": "https://storage3253252.blob.core.windows.net/",
            "primary_blob_host": "storage3253252.blob.core.windows.net",
            "primary_blob_internet_endpoint": null,
            "primary_blob_internet_host": null,
            "primary_blob_microsoft_endpoint": null,
            "primary_blob_microsoft_host": null,
            "primary_connection_string": "DefaultEndpointsProtocol=https;AccountName=storage3253252;AccountKey=VPo3gfvUtRH6U8B1qQtX+iFBaW3bjv5GJUUKR/oqEFHVa9nDxv7LgGBspjpY8CTy/FSBZMmDOgYM+AStOBN8MQ==;EndpointSuffix=core.windows.net",
            "primary_dfs_endpoint": "https://storage3253252.dfs.core.windows.net/",
            "primary_dfs_host": "storage3253252.dfs.core.windows.net",
            "primary_dfs_internet_endpoint": null,
            "primary_dfs_internet_host": null,
            "primary_dfs_microsoft_endpoint": null,
            "primary_dfs_microsoft_host": null,
            "primary_file_endpoint": "https://storage3253252.file.core.windows.net/",
            "primary_file_host": "storage3253252.file.core.windows.net",
            "primary_file_internet_endpoint": null,
            "primary_file_internet_host": null,
            "primary_file_microsoft_endpoint": null,
            "primary_file_microsoft_host": null,
            "primary_location": "westeurope",
            "primary_queue_endpoint": "https://storage3253252.queue.core.windows.net/",
            "primary_queue_host": "storage3253252.queue.core.windows.net",
            "primary_queue_microsoft_endpoint": null,
            "primary_queue_microsoft_host": null,
            "primary_table_endpoint": "https://storage3253252.table.core.windows.net/",
            "primary_table_host": "storage3253252.table.core.windows.net",
            "primary_table_microsoft_endpoint": null,
            "primary_table_microsoft_host": null,
            "primary_web_endpoint": "https://storage3253252.z6.web.core.windows.net/",
            "primary_web_host": "storage3253252.z6.web.core.windows.net",
            "primary_web_internet_endpoint": null,
            "primary_web_internet_host": null,
            "primary_web_microsoft_endpoint": null,
            "primary_web_microsoft_host": null,
            "public_network_access_enabled": true,
            "queue_encryption_key_type": "Service",
            "queue_properties": [
              {
                "cors_rule": [],
                "hour_metrics": [
                  {
                    "enabled": true,
                    "include_apis": true,
                    "retention_policy_days": 7,
                    "version": "1.0"
                  }
                ],
                "logging": [
                  {
                    "delete": false,
                    "read": false,
                    "retention_policy_days": 0,
                    "version": "1.0",
                    "write": false
                  }
                ],
                "minute_metrics": [
                  {
                    "enabled": false,
                    "include_apis": false,
                    "retention_policy_days": 0,
                    "version": "1.0"
                  }
                ]
              }
            ],
            "resource_group_name": "RG-tftest-14370247382572",
            "routing": [],
            "sas_policy": [],
            "secondary_access_key": "BV9s5RCAsQiEpX0exyWFsYdw+fFQ7IWY9pq0Q04IOldukS3nNOE6nn5zSIUmWE4X5mnaXCQCdwIf+AStgCAzow==",
            "secondary_blob_connection_string": "",
            "secondary_blob_endpoint": null,
            "secondary_blob_host": null,
            "secondary_blob_internet_endpoint": null,
            "secondary_blob_internet_host": null,
            "secondary_blob_microsoft_endpoint": null,
            "secondary_blob_microsoft_host": null,
            "secondary_connection_string": "DefaultEndpointsProtocol=https;AccountName=storage3253252;AccountKey=BV9s5RCAsQiEpX0exyWFsYdw+fFQ7IWY9pq0Q04IOldukS3nNOE6nn5zSIUmWE4X5mnaXCQCdwIf+AStgCAzow==;EndpointSuffix=core.windows.net",
            "secondary_dfs_endpoint": null,
            "secondary_dfs_host": null,
            "secondary_dfs_internet_endpoint": null,
            "secondary_dfs_internet_host": null,
            "secondary_dfs_microsoft_endpoint": null,
            "secondary_dfs_microsoft_host": null,
            "secondary_file_endpoint": null,
            "secondary_file_host": null,
            "secondary_file_internet_endpoint": null,
            "secondary_file_internet_host": null,
            "secondary_file_microsoft_endpoint": null,
            "secondary_file_microsoft_host": null,
            "secondary_location": "",
            "secondary_queue_endpoint": null,
            "secondary_queue_host": null,
            "secondary_queue_microsoft_endpoint": null,
            "secondary_queue_microsoft_host": null,
            "secondary_table_endpoint": null,
            "secondary_table_host": null,
            "secondary_table_microsoft_endpoint": null,
            "secondary_table_microsoft_host": null,
            "secondary_web_endpoint": null,
            "secondary_web_host": null,
            "secondary_web_internet_endpoint": null,
            "secondary_web_internet_host": null,
            "secondary_web_microsoft_endpoint": null,
            "secondary_web_microsoft_host": null,
            "sftp_enabled": false,
            "share_properties": [
              {
                "cors_rule": [],
                "retention_policy": [
                  {
                    "days": 7
                  }
                ],
                "smb": []
              }
            ],
            "shared_access_key_enabled": true,
            "static_website": [],
            "table_encryption_key_type": "Service",
            "tags": {
              "Deployment": "Terraform",
              "Environment": "Røv"
            },
            "timeouts": null
          },
          "sensitive_attributes": [],
          "private": "eyJlMmJmYjczMC1lY2FhLTExZTYtOGY4OC0zNDM2M2JjN2M0YzAiOnsiY3JlYXRlIjozNjAwMDAwMDAwMDAwLCJkZWxldGUiOjM2MDAwMDAwMDAwMDAsInJlYWQiOjMwMDAwMDAwMDAwMCwidXBkYXRlIjozNjAwMDAwMDAwMDAwfSwic2NoZW1hX3ZlcnNpb24iOiI0In0=",
          "dependencies": [
            "azurerm_policy_set_definition.Initiative",
            "azurerm_resource_group.RG",
            "azurerm_subscription_policy_assignment.requiretagz"
          ]
        }
      ]
    },
    {
      "mode": "managed",
      "type": "azurerm_storage_container",
      "name": "container",
      "provider": "provider[\"registry.terraform.io/hashicorp/azurerm\"]",
      "instances": [
        {
          "schema_version": 1,
          "attributes": {
            "container_access_type": "private",
            "has_immutability_policy": false,
            "has_legal_hold": false,
            "id": "https://storage3253252.blob.core.windows.net/thisnewcontainer",
            "metadata": {},
            "name": "thisnewcontainer",
            "resource_manager_id": "/subscriptions/4fa4f859-01c1-43c9-8fc0-a693e2837926/resourceGroups/RG-tftest-14370247382572/providers/Microsoft.Storage/storageAccounts/storage3253252/blobServices/default/containers/thisnewcontainer",
            "storage_account_name": "storage3253252",
            "timeouts": null
          },
          "sensitive_attributes": [],
          "private": "eyJlMmJmYjczMC1lY2FhLTExZTYtOGY4OC0zNDM2M2JjN2M0YzAiOnsiY3JlYXRlIjoxODAwMDAwMDAwMDAwLCJkZWxldGUiOjE4MDAwMDAwMDAwMDAsInJlYWQiOjMwMDAwMDAwMDAwMCwidXBkYXRlIjoxODAwMDAwMDAwMDAwfSwic2NoZW1hX3ZlcnNpb24iOiIxIn0=",
          "dependencies": [
            "azurerm_policy_set_definition.Initiative",
            "azurerm_resource_group.RG",
            "azurerm_storage_account.storageaccount",
            "azurerm_subscription_policy_assignment.requiretagz"
          ]
        }
      ]
    },
    {
      "mode": "managed",
      "type": "azurerm_storage_share",
      "name": "fileshare",
      "provider": "provider[\"registry.terraform.io/hashicorp/azurerm\"]",
      "instances": [
        {
          "schema_version": 2,
          "attributes": {
            "access_tier": "TransactionOptimized",
            "acl": [],
            "enabled_protocol": "SMB",
            "id": "https://storage3253252.file.core.windows.net/thisnewfileshare",
            "metadata": {},
            "name": "thisnewfileshare",
            "quota": 6,
            "resource_manager_id": "/subscriptions/4fa4f859-01c1-43c9-8fc0-a693e2837926/resourceGroups/RG-tftest-14370247382572/providers/Microsoft.Storage/storageAccounts/storage3253252/fileServices/default/fileshares/thisnewfileshare",
            "storage_account_name": "storage3253252",
            "timeouts": null,
            "url": "https://storage3253252.file.core.windows.net/thisnewfileshare"
          },
          "sensitive_attributes": [],
          "private": "eyJlMmJmYjczMC1lY2FhLTExZTYtOGY4OC0zNDM2M2JjN2M0YzAiOnsiY3JlYXRlIjoxODAwMDAwMDAwMDAwLCJkZWxldGUiOjE4MDAwMDAwMDAwMDAsInJlYWQiOjMwMDAwMDAwMDAwMCwidXBkYXRlIjoxODAwMDAwMDAwMDAwfSwic2NoZW1hX3ZlcnNpb24iOiIyIn0=",
          "dependencies": [
            "azurerm_policy_set_definition.Initiative",
            "azurerm_resource_group.RG",
            "azurerm_storage_account.storageaccount",
            "azurerm_subscription_policy_assignment.requiretagz"
          ]
        }
      ]
    },
    {
      "mode": "managed",
      "type": "azurerm_storage_share_file",
      "name": "file",
      "provider": "provider[\"registry.terraform.io/hashicorp/azurerm\"]",
      "instances": [
        {
          "schema_version": 0,
          "attributes": {
            "content_disposition": "",
            "content_encoding": "",
            "content_length": 8,
            "content_md5": "",
            "content_type": "application/octet-stream",
            "id": "https://storage3253252.file.core.windows.net/thisnewfileshare//thisnewfile",
            "metadata": {},
            "name": "thisnewfile",
            "path": "",
            "source": "./testResources/text.txt",
            "storage_share_id": "https://storage3253252.file.core.windows.net/thisnewfileshare",
            "timeouts": null
          },
          "sensitive_attributes": [],
          "private": "eyJlMmJmYjczMC1lY2FhLTExZTYtOGY4OC0zNDM2M2JjN2M0YzAiOnsiY3JlYXRlIjoxODAwMDAwMDAwMDAwLCJkZWxldGUiOjE4MDAwMDAwMDAwMDAsInJlYWQiOjMwMDAwMDAwMDAwMCwidXBkYXRlIjoxODAwMDAwMDAwMDAwfX0=",
          "dependencies": [
            "azurerm_policy_set_definition.Initiative",
            "azurerm_resource_group.RG",
            "azurerm_storage_account.storageaccount",
            "azurerm_storage_share.fileshare",
            "azurerm_subscription_policy_assignment.requiretagz"
          ]
        }
      ]
    },
    {
      "mode": "managed",
      "type": "azurerm_subscription_policy_assignment",
      "name": "requiretagz",
      "provider": "provider[\"registry.terraform.io/hashicorp/azurerm\"]",
      "instances": [
        {
          "schema_version": 0,
          "attributes": {
            "description": "This is my first assignment using terraform huhuuu",
            "display_name": "I'm assigning this now shut up",
            "enforce": true,
            "id": "/subscriptions/4fa4f859-01c1-43c9-8fc0-a693e2837926/providers/Microsoft.Authorization/policyAssignments/imassigningthisnow",
            "identity": [],
            "location": "",
            "metadata": "{\"createdBy\":\"c9e02273-ad08-481e-8ac2-1dc6a1e7c4bc\",\"createdOn\":\"2024-02-22T14:42:31.1034572Z\",\"updatedBy\":null,\"updatedOn\":null}",
            "name": "imassigningthisnow",
            "non_compliance_message": [],
            "not_scopes": null,
            "overrides": [],
            "parameters": "",
            "policy_definition_id": "/subscriptions/4fa4f859-01c1-43c9-8fc0-a693e2837926/providers/Microsoft.Authorization/policySetDefinitions/mynewinitiative",
            "resource_selectors": [],
            "subscription_id": "/subscriptions/4fa4f859-01c1-43c9-8fc0-a693e2837926",
            "timeouts": null
          },
          "sensitive_attributes": [],
          "private": "eyJlMmJmYjczMC1lY2FhLTExZTYtOGY4OC0zNDM2M2JjN2M0YzAiOnsiY3JlYXRlIjoxODAwMDAwMDAwMDAwLCJkZWxldGUiOjE4MDAwMDAwMDAwMDAsInJlYWQiOjMwMDAwMDAwMDAwMCwidXBkYXRlIjoxODAwMDAwMDAwMDAwfX0=",
          "dependencies": [
            "azurerm_policy_set_definition.Initiative"
          ]
        }
      ]
    }
  ],
  "check_results": null
}
